<?xml version="1.0" encoding="utf-8"?>
<Project ToolsVersion="4.0" xmlns="http://schemas.microsoft.com/developer/msbuild/2003">
  <ItemGroup>
    <Filter Include="リソース ファイル">
      <UniqueIdentifier>{67DA6AB6-F800-4c08-8B7A-83BB121AAD01}</UniqueIdentifier>
      <Extensions>rc;ico;cur;bmp;dlg;rc2;rct;bin;rgs;gif;jpg;jpeg;jpe;resx;tiff;tif;png;wav;mfcribbon-ms</Extensions>
    </Filter>
    <Filter Include="program">
      <UniqueIdentifier>{4FC737F1-C7A5-4376-A066-2A32D752A2FF}</UniqueIdentifier>
      <Extensions>cpp;c;cc;cxx;c++;cppm;ixx;def;odl;idl;hpj;bat;asm;asmx</Extensions>
    </Filter>
    <Filter Include="program\[000] library">
      <UniqueIdentifier>{09672401-4fc2-4734-b792-36b80c770b80}</UniqueIdentifier>
    </Filter>
    <Filter Include="program\[001] dxlib_ext">
      <UniqueIdentifier>{413cd02b-9e9c-4380-878e-8de31d0aa61f}</UniqueIdentifier>
    </Filter>
    <Filter Include="program\[003] game">
      <UniqueIdentifier>{6febca5b-94b9-462e-9667-612e572524b1}</UniqueIdentifier>
    </Filter>
    <Filter Include="program\[001] dxlib_ext\example">
      <UniqueIdentifier>{ea5a88b7-f286-41e9-879d-401c3c3d5248}</UniqueIdentifier>
    </Filter>
    <Filter Include="program\[001] dxlib_ext\gui">
      <UniqueIdentifier>{c7daee35-d9e6-4a83-8158-b2e5ab58a009}</UniqueIdentifier>
    </Filter>
    <Filter Include="program\[001] dxlib_ext\mesh">
      <UniqueIdentifier>{7cc483a3-8e13-4053-a8aa-f66f0d585490}</UniqueIdentifier>
    </Filter>
    <Filter Include="program\[001] dxlib_ext\effects">
      <UniqueIdentifier>{289d4674-d138-4a76-857d-40c9b3fab708}</UniqueIdentifier>
    </Filter>
    <Filter Include="program\[001] dxlib_ext\effects\shader">
      <UniqueIdentifier>{609398e4-3682-4465-ba5e-236c793be06a}</UniqueIdentifier>
    </Filter>
    <Filter Include="program\[001] dxlib_ext\effects\shader\particle">
      <UniqueIdentifier>{58db850b-778d-417b-8594-99a237b1ac59}</UniqueIdentifier>
    </Filter>
    <Filter Include="program\[001] dxlib_ext\create_mesh">
      <UniqueIdentifier>{11d8e443-8d64-409c-92f1-6895cd2dbbce}</UniqueIdentifier>
    </Filter>
    <Filter Include="program\[001] dxlib_ext\effects\shader\instancing">
      <UniqueIdentifier>{413de85a-b6ba-4472-a8a7-d62c707f0b55}</UniqueIdentifier>
    </Filter>
    <Filter Include="program\[003] game\Character">
      <UniqueIdentifier>{0295474f-bb5c-438e-baed-b99b8fb3cc0a}</UniqueIdentifier>
    </Filter>
    <Filter Include="program\[003] game\Manager">
      <UniqueIdentifier>{a9de3d1a-4bb4-42ef-ae66-063c3c8e7cfe}</UniqueIdentifier>
    </Filter>
    <Filter Include="program\[003] game\Scene">
      <UniqueIdentifier>{934a848e-ff56-47f1-809c-7273d15a570c}</UniqueIdentifier>
    </Filter>
    <Filter Include="program\[003] game\Object">
      <UniqueIdentifier>{063e07ec-b291-4837-875c-be30ceea724e}</UniqueIdentifier>
    </Filter>
    <Filter Include="program\[003] game\Object\Attack">
      <UniqueIdentifier>{10b2a409-1870-4fc4-bf51-a2b5c338102c}</UniqueIdentifier>
    </Filter>
    <Filter Include="program\[003] game\Object\Map">
      <UniqueIdentifier>{daa78b73-6e4b-498b-9f1a-5574d49d6477}</UniqueIdentifier>
    </Filter>
    <Filter Include="program\[003] game\Object\Item">
      <UniqueIdentifier>{225a6393-4ee5-4484-9d5b-12ffc1ea01a5}</UniqueIdentifier>
    </Filter>
  </ItemGroup>
  <ItemGroup>
    <ClCompile Include="ManagedDxlGame.cpp">
      <Filter>program</Filter>
    </ClCompile>
    <ClCompile Include="program\library\tnl_font_texture.cpp">
      <Filter>program\[000] library</Filter>
    </ClCompile>
    <ClCompile Include="program\library\tnl_input.cpp">
      <Filter>program\[000] library</Filter>
    </ClCompile>
    <ClCompile Include="program\library\tnl_intersect.cpp">
      <Filter>program\[000] library</Filter>
    </ClCompile>
    <ClCompile Include="program\library\tnl_math.cpp">
      <Filter>program\[000] library</Filter>
    </ClCompile>
    <ClCompile Include="program\library\tnl_matrix.cpp">
      <Filter>program\[000] library</Filter>
    </ClCompile>
    <ClCompile Include="program\library\tnl_quaternion.cpp">
      <Filter>program\[000] library</Filter>
    </ClCompile>
    <ClCompile Include="program\library\tnl_seek_unit.cpp">
      <Filter>program\[000] library</Filter>
    </ClCompile>
    <ClCompile Include="program\library\tnl_util.cpp">
      <Filter>program\[000] library</Filter>
    </ClCompile>
    <ClCompile Include="program\dxlib_ext\dxlib_ext.cpp">
      <Filter>program\[001] dxlib_ext</Filter>
    </ClCompile>
    <ClCompile Include="program\dxlib_ext\dxlib_ext_data.cpp">
      <Filter>program\[001] dxlib_ext</Filter>
    </ClCompile>
    <ClCompile Include="program\dxlib_ext\dxlib_ext_texture.cpp">
      <Filter>program\[001] dxlib_ext</Filter>
    </ClCompile>
    <ClCompile Include="program\dxlib_ext\OBJLoader.cpp">
      <Filter>program\[001] dxlib_ext</Filter>
    </ClCompile>
    <ClCompile Include="program\dxlib_ext\create_mesh\dxlib_ext_mesh_barrel.cpp">
      <Filter>program\[001] dxlib_ext\create_mesh</Filter>
    </ClCompile>
    <ClCompile Include="program\dxlib_ext\create_mesh\dxlib_ext_mesh_cone.cpp">
      <Filter>program\[001] dxlib_ext\create_mesh</Filter>
    </ClCompile>
    <ClCompile Include="program\dxlib_ext\create_mesh\dxlib_ext_mesh_cone_cylinder.cpp">
      <Filter>program\[001] dxlib_ext\create_mesh</Filter>
    </ClCompile>
    <ClCompile Include="program\dxlib_ext\create_mesh\dxlib_ext_mesh_cylinder.cpp">
      <Filter>program\[001] dxlib_ext\create_mesh</Filter>
    </ClCompile>
    <ClCompile Include="program\dxlib_ext\create_mesh\dxlib_ext_mesh_disk.cpp">
      <Filter>program\[001] dxlib_ext\create_mesh</Filter>
    </ClCompile>
    <ClCompile Include="program\dxlib_ext\create_mesh\dxlib_ext_mesh_disk_ring.cpp">
      <Filter>program\[001] dxlib_ext\create_mesh</Filter>
    </ClCompile>
    <ClCompile Include="program\dxlib_ext\create_mesh\dxlib_ext_mesh_dome.cpp">
      <Filter>program\[001] dxlib_ext\create_mesh</Filter>
    </ClCompile>
    <ClCompile Include="program\dxlib_ext\create_mesh\dxlib_ext_mesh_from_height_map.cpp">
      <Filter>program\[001] dxlib_ext\create_mesh</Filter>
    </ClCompile>
    <ClCompile Include="program\dxlib_ext\create_mesh\dxlib_ext_mesh_half_barrel.cpp">
      <Filter>program\[001] dxlib_ext\create_mesh</Filter>
    </ClCompile>
    <ClCompile Include="program\dxlib_ext\create_mesh\dxlib_ext_mesh_obj.cpp">
      <Filter>program\[001] dxlib_ext\create_mesh</Filter>
    </ClCompile>
    <ClCompile Include="program\dxlib_ext\create_mesh\dxlib_ext_mesh_plane.cpp">
      <Filter>program\[001] dxlib_ext\create_mesh</Filter>
    </ClCompile>
    <ClCompile Include="program\dxlib_ext\create_mesh\dxlib_ext_mesh_sphere.cpp">
      <Filter>program\[001] dxlib_ext\create_mesh</Filter>
    </ClCompile>
    <ClCompile Include="program\dxlib_ext\create_mesh\dxlib_ext_mesh_torus.cpp">
      <Filter>program\[001] dxlib_ext\create_mesh</Filter>
    </ClCompile>
    <ClCompile Include="program\dxlib_ext\create_mesh\dxlib_ext_mesh_triangle_equilateral.cpp">
      <Filter>program\[001] dxlib_ext\create_mesh</Filter>
    </ClCompile>
    <ClCompile Include="program\dxlib_ext\create_mesh\dxlib_ext_mesh_triangle_isosceles.cpp">
      <Filter>program\[001] dxlib_ext\create_mesh</Filter>
    </ClCompile>
    <ClCompile Include="program\dxlib_ext\create_mesh\dxlib_ext_mesh_triangle_right.cpp">
      <Filter>program\[001] dxlib_ext\create_mesh</Filter>
    </ClCompile>
    <ClCompile Include="program\game\gm_main.cpp">
      <Filter>program\[003] game</Filter>
    </ClCompile>
    <ClCompile Include="program\dxlib_ext\create_mesh\dxlib_ext_mesh_hollow_out_disk_plane.cpp">
      <Filter>program\[001] dxlib_ext\create_mesh</Filter>
    </ClCompile>
    <ClCompile Include="program\library\json11.cpp">
      <Filter>program\[000] library</Filter>
    </ClCompile>
    <ClCompile Include="program\library\tnl_inclution_owner_locked.cpp">
      <Filter>program\[000] library</Filter>
    </ClCompile>
    <ClCompile Include="program\library\tnl_instance.cpp">
      <Filter>program\[000] library</Filter>
    </ClCompile>
    <ClCompile Include="program\library\tnl_vector3.cpp">
      <Filter>program\[000] library</Filter>
    </ClCompile>
    <ClCompile Include="program\library\tnl_vector2i.cpp">
      <Filter>program\[000] library</Filter>
    </ClCompile>
    <ClCompile Include="program\dxlib_ext\create_mesh\dxlib_ext_mesh_cube.cpp">
      <Filter>program\[001] dxlib_ext\create_mesh</Filter>
    </ClCompile>
    <ClCompile Include="program\dxlib_ext\create_mesh\dxlib_ext_mesh_box.cpp">
      <Filter>program\[001] dxlib_ext\create_mesh</Filter>
    </ClCompile>
    <ClCompile Include="program\dxlib_ext\dxlib_ext_camera.cpp">
      <Filter>program\[001] dxlib_ext</Filter>
    </ClCompile>
    <ClCompile Include="program\dxlib_ext\gui\dxlib_ext_gui_drag_box.cpp">
      <Filter>program\[001] dxlib_ext\gui</Filter>
    </ClCompile>
    <ClCompile Include="program\dxlib_ext\gui\dxlib_ext_gui_input_box.cpp">
      <Filter>program\[001] dxlib_ext\gui</Filter>
    </ClCompile>
    <ClCompile Include="program\dxlib_ext\gui\dxlib_ext_gui_menu_selector.cpp">
      <Filter>program\[001] dxlib_ext\gui</Filter>
    </ClCompile>
    <ClCompile Include="program\dxlib_ext\mesh\dxlib_ext_mesh.cpp">
      <Filter>program\[001] dxlib_ext\mesh</Filter>
    </ClCompile>
    <ClCompile Include="program\dxlib_ext\mesh\dxlib_ext_mesh_mtrl_gui_controller.cpp">
      <Filter>program\[001] dxlib_ext\mesh</Filter>
    </ClCompile>
    <ClCompile Include="program\dxlib_ext\effects\dxlib_ext_particle.cpp">
      <Filter>program\[001] dxlib_ext\effects</Filter>
    </ClCompile>
    <ClCompile Include="program\dxlib_ext\effects\dxlib_ext_shadow_map.cpp">
      <Filter>program\[001] dxlib_ext\effects</Filter>
    </ClCompile>
    <ClCompile Include="program\dxlib_ext\effects\dxlib_ext_particle_sub.cpp">
      <Filter>program\[001] dxlib_ext\effects</Filter>
    </ClCompile>
    <ClCompile Include="program\dxlib_ext\mesh\dxlib_ext_inst_mesh.cpp">
      <Filter>program\[001] dxlib_ext\mesh</Filter>
    </ClCompile>
    <ClCompile Include="program\dxlib_ext\create_mesh\dxlib_ext_mesh_static_group.cpp">
      <Filter>program\[001] dxlib_ext\create_mesh</Filter>
    </ClCompile>
    <ClCompile Include="program\dxlib_ext\mesh\dxlib_ext_mesh_base.cpp">
      <Filter>program\[001] dxlib_ext\mesh</Filter>
    </ClCompile>
    <ClCompile Include="program\dxlib_ext\effects\dxlib_ext_screen_effect.cpp">
      <Filter>program\[001] dxlib_ext\effects</Filter>
    </ClCompile>
    <ClCompile Include="program\dxlib_ext\gui\dxlib_ext_gui_check_box.cpp">
      <Filter>program\[001] dxlib_ext\gui</Filter>
    </ClCompile>
    <ClCompile Include="program\game\Character\CharacterBase.cpp">
      <Filter>program\[003] game\Character</Filter>
    </ClCompile>
    <ClCompile Include="program\game\Character\Enemy.cpp">
      <Filter>program\[003] game\Character</Filter>
    </ClCompile>
    <ClCompile Include="program\game\Character\Player.cpp">
      <Filter>program\[003] game\Character</Filter>
    </ClCompile>
    <ClCompile Include="program\game\Manager\GameManager.cpp">
      <Filter>program\[003] game\Manager</Filter>
    </ClCompile>
    <ClCompile Include="program\game\Manager\ResourceManager.cpp">
      <Filter>program\[003] game\Manager</Filter>
    </ClCompile>
    <ClCompile Include="program\game\Manager\Spawner.cpp">
      <Filter>program\[003] game\Manager</Filter>
    </ClCompile>
    <ClCompile Include="program\game\Object\Camera.cpp">
      <Filter>program\[003] game\Object</Filter>
    </ClCompile>
    <ClCompile Include="program\game\Object\ProtectObject.cpp">
      <Filter>program\[003] game\Object</Filter>
    </ClCompile>
    <ClCompile Include="program\game\Object\Attack\AttackBase.cpp">
      <Filter>program\[003] game\Object\Attack</Filter>
    </ClCompile>
    <ClCompile Include="program\game\Object\Attack\NormalAttack.cpp">
      <Filter>program\[003] game\Object\Attack</Filter>
    </ClCompile>
    <ClCompile Include="program\game\Scene\PlayScene.cpp">
      <Filter>program\[003] game\Scene</Filter>
    </ClCompile>
    <ClCompile Include="program\game\Scene\SceneBace.cpp">
      <Filter>program\[003] game\Scene</Filter>
    </ClCompile>
    <ClCompile Include="program\game\Object\Map\Play_Map.cpp">
      <Filter>program\[003] game\Object\Map</Filter>
    </ClCompile>
    <ClCompile Include="program\game\Character\EnemyBase.cpp">
      <Filter>program\[003] game\Character</Filter>
    </ClCompile>
    <ClCompile Include="program\game\Manager\Collision.cpp">
      <Filter>program\[003] game\Manager</Filter>
    </ClCompile>
    <ClCompile Include="program\game\Scene\TitleScene.cpp">
      <Filter>program\[003] game\Scene</Filter>
    </ClCompile>
    <ClCompile Include="program\game\Manager\AttackManager.cpp">
      <Filter>program\[003] game\Manager</Filter>
    </ClCompile>
    <ClCompile Include="program\game\Character\EnemyChase.cpp">
      <Filter>program\[003] game\Character</Filter>
    </ClCompile>
    <ClCompile Include="program\game\Object\Attack\BombAttack.cpp">
      <Filter>program\[003] game\Object\Attack</Filter>
    </ClCompile>
    <ClCompile Include="program\game\Character\EnemyBig.cpp">
      <Filter>program\[003] game\Character</Filter>
    </ClCompile>
    <ClCompile Include="program\game\Object\Item\ItemBase.cpp">
      <Filter>program\[003] game\Object\Item</Filter>
    </ClCompile>
    <ClCompile Include="program\game\Object\Item\ItemRed.cpp">
      <Filter>program\[003] game\Object\Item</Filter>
    </ClCompile>
    <ClCompile Include="program\game\Object\Item\ItemBlue.cpp">
      <Filter>program\[003] game\Object\Item</Filter>
    </ClCompile>
    <ClCompile Include="program\game\Object\Item\ItemGreen.cpp">
      <Filter>program\[003] game\Object\Item</Filter>
    </ClCompile>
    <ClCompile Include="program\game\Manager\ItemSpawner.cpp">
      <Filter>program\[003] game\Manager</Filter>
    </ClCompile>
    <ClCompile Include="program\game\Object\Item\ItemBomb.cpp">
      <Filter>program\[003] game\Object\Item</Filter>
    </ClCompile>
    <ClCompile Include="program\game\Manager\UIManager.cpp">
      <Filter>program\[003] game\Manager</Filter>
    </ClCompile>
  </ItemGroup>
  <ItemGroup>
    <ResourceCompile Include="ManagedDxlGame.rc">
      <Filter>リソース ファイル</Filter>
    </ResourceCompile>
  </ItemGroup>
  <ItemGroup>
    <Image Include="small.ico">
      <Filter>リソース ファイル</Filter>
    </Image>
    <Image Include="ManagedDxlGame.ico">
      <Filter>リソース ファイル</Filter>
    </Image>
  </ItemGroup>
  <ItemGroup>
    <ClInclude Include="program\library\stb_image.h">
      <Filter>program\[000] library</Filter>
    </ClInclude>
    <ClInclude Include="program\library\tnl_font_texture.h">
      <Filter>program\[000] library</Filter>
    </ClInclude>
    <ClInclude Include="program\library\tnl_hierarchy_tree.h">
      <Filter>program\[000] library</Filter>
    </ClInclude>
    <ClInclude Include="program\library\tnl_input.h">
      <Filter>program\[000] library</Filter>
    </ClInclude>
    <ClInclude Include="program\library\tnl_intersect.h">
      <Filter>program\[000] library</Filter>
    </ClInclude>
    <ClInclude Include="program\library\tnl_link_linear.h">
      <Filter>program\[000] library</Filter>
    </ClInclude>
    <ClInclude Include="program\library\tnl_math.h">
      <Filter>program\[000] library</Filter>
    </ClInclude>
    <ClInclude Include="program\library\tnl_matrix.h">
      <Filter>program\[000] library</Filter>
    </ClInclude>
    <ClInclude Include="program\library\tnl_quaternion.h">
      <Filter>program\[000] library</Filter>
    </ClInclude>
    <ClInclude Include="program\library\tnl_seek_unit.h">
      <Filter>program\[000] library</Filter>
    </ClInclude>
    <ClInclude Include="program\library\tnl_sequence.h">
      <Filter>program\[000] library</Filter>
    </ClInclude>
    <ClInclude Include="program\library\tnl_shared_factory.h">
      <Filter>program\[000] library</Filter>
    </ClInclude>
    <ClInclude Include="program\library\tnl_using.h">
      <Filter>program\[000] library</Filter>
    </ClInclude>
    <ClInclude Include="program\library\tnl_util.h">
      <Filter>program\[000] library</Filter>
    </ClInclude>
    <ClInclude Include="program\dxlib_ext\dxlib_ext.h">
      <Filter>program\[001] dxlib_ext</Filter>
    </ClInclude>
    <ClInclude Include="program\dxlib_ext\dxlib_ext_camera.h">
      <Filter>program\[001] dxlib_ext</Filter>
    </ClInclude>
    <ClInclude Include="program\dxlib_ext\dxlib_ext_data.h">
      <Filter>program\[001] dxlib_ext</Filter>
    </ClInclude>
    <ClInclude Include="program\dxlib_ext\dxlib_ext_render_param.h">
      <Filter>program\[001] dxlib_ext</Filter>
    </ClInclude>
    <ClInclude Include="program\dxlib_ext\dxlib_ext_texture.h">
      <Filter>program\[001] dxlib_ext</Filter>
    </ClInclude>
    <ClInclude Include="program\dxlib_ext\OBJLoader.h">
      <Filter>program\[001] dxlib_ext</Filter>
    </ClInclude>
    <ClInclude Include="program\game\gm_main.h">
      <Filter>program\[003] game</Filter>
    </ClInclude>
    <ClInclude Include="program\library\json11.hpp">
      <Filter>program\[000] library</Filter>
    </ClInclude>
    <ClInclude Include="program\library\tnl_inclution_owner_locked.h">
      <Filter>program\[000] library</Filter>
    </ClInclude>
    <ClInclude Include="program\library\tnl_instance.h">
      <Filter>program\[000] library</Filter>
    </ClInclude>
    <ClInclude Include="program\library\tnl_csv.h">
      <Filter>program\[000] library</Filter>
    </ClInclude>
    <ClInclude Include="program\library\tnl_vector3.h">
      <Filter>program\[000] library</Filter>
    </ClInclude>
    <ClInclude Include="program\library\tnl_vector2i.h">
      <Filter>program\[000] library</Filter>
    </ClInclude>
    <ClInclude Include="program\dxlib_ext\example\dxlib_ext_example_3d_adjust_object_velocity.h">
      <Filter>program\[001] dxlib_ext\example</Filter>
    </ClInclude>
    <ClInclude Include="program\dxlib_ext\example\dxlib_ext_example_3d_start_up.h">
      <Filter>program\[001] dxlib_ext\example</Filter>
    </ClInclude>
    <ClInclude Include="program\dxlib_ext\example\dxlib_ext_example_3d_use_skybox.h">
      <Filter>program\[001] dxlib_ext\example</Filter>
    </ClInclude>
    <ClInclude Include="program\dxlib_ext\example\dxlib_ext_example_3d_intersect_correct_sphere.h">
      <Filter>program\[001] dxlib_ext\example</Filter>
    </ClInclude>
    <ClInclude Include="program\dxlib_ext\example\dxlib_ext_example_3d_intersect_correct_aabb.h">
      <Filter>program\[001] dxlib_ext\example</Filter>
    </ClInclude>
    <ClInclude Include="program\dxlib_ext\example\dxlib_ext_example_3d_intersect_screen_ray.h">
      <Filter>program\[001] dxlib_ext\example</Filter>
    </ClInclude>
    <ClInclude Include="program\dxlib_ext\example\dxlib_ext_example_3d_convert_to_screen.h">
      <Filter>program\[001] dxlib_ext\example</Filter>
    </ClInclude>
    <ClInclude Include="program\dxlib_ext\example\dxlib_ext_example_3d_height_map_ground.h">
      <Filter>program\[001] dxlib_ext\example</Filter>
    </ClInclude>
    <ClInclude Include="program\dxlib_ext\example\dxlib_ext_example_2d_on_select_object_from_line_loop.h">
      <Filter>program\[001] dxlib_ext\example</Filter>
    </ClInclude>
    <ClInclude Include="program\dxlib_ext\example\dxlib_ext_example_2d_intersect_correct_rect.h">
      <Filter>program\[001] dxlib_ext\example</Filter>
    </ClInclude>
    <ClInclude Include="program\dxlib_ext\example\dxlib_ext_example_utl_lerp_value.h">
      <Filter>program\[001] dxlib_ext\example</Filter>
    </ClInclude>
    <ClInclude Include="program\dxlib_ext\example\dxlib_ext_example_utl_lerp_vector3.h">
      <Filter>program\[001] dxlib_ext\example</Filter>
    </ClInclude>
    <ClInclude Include="program\dxlib_ext\example\dxlib_ext_example_3d_camera_free_look.h">
      <Filter>program\[001] dxlib_ext\example</Filter>
    </ClInclude>
    <ClInclude Include="program\dxlib_ext\example\dxlib_ext_example_3d_camera_transform.h">
      <Filter>program\[001] dxlib_ext\example</Filter>
    </ClInclude>
    <ClInclude Include="program\dxlib_ext\example\dxlib_ext_example_utl_single_oscillationy.h">
      <Filter>program\[001] dxlib_ext\example</Filter>
    </ClInclude>
    <ClInclude Include="program\dxlib_ext\example\dxlib_ext_example_3d_shadow_map.h">
      <Filter>program\[001] dxlib_ext\example</Filter>
    </ClInclude>
    <ClInclude Include="program\dxlib_ext\gui\dxlib_ext_gui_drag_box.h">
      <Filter>program\[001] dxlib_ext\gui</Filter>
    </ClInclude>
    <ClInclude Include="program\dxlib_ext\gui\dxlib_ext_gui_input_box.h">
      <Filter>program\[001] dxlib_ext\gui</Filter>
    </ClInclude>
    <ClInclude Include="program\dxlib_ext\gui\dxlib_ext_gui_menu_selector.h">
      <Filter>program\[001] dxlib_ext\gui</Filter>
    </ClInclude>
    <ClInclude Include="program\dxlib_ext\gui\dxlib_ext_gui_value_slider.h">
      <Filter>program\[001] dxlib_ext\gui</Filter>
    </ClInclude>
    <ClInclude Include="program\dxlib_ext\mesh\dxlib_ext_mesh.h">
      <Filter>program\[001] dxlib_ext\mesh</Filter>
    </ClInclude>
    <ClInclude Include="program\dxlib_ext\mesh\dxlib_ext_mesh_desc.h">
      <Filter>program\[001] dxlib_ext\mesh</Filter>
    </ClInclude>
    <ClInclude Include="program\dxlib_ext\mesh\dxlib_ext_mesh_mtrl_gui_controller.h">
      <Filter>program\[001] dxlib_ext\mesh</Filter>
    </ClInclude>
    <ClInclude Include="program\dxlib_ext\effects\dxlib_ext_particle.h">
      <Filter>program\[001] dxlib_ext\effects</Filter>
    </ClInclude>
    <ClInclude Include="program\dxlib_ext\effects\dxlib_ext_shadow_map.h">
      <Filter>program\[001] dxlib_ext\effects</Filter>
    </ClInclude>
    <ClInclude Include="program\dxlib_ext\effects\shader\particle\shader_particle_gs0.h">
      <Filter>program\[001] dxlib_ext\effects\shader\particle</Filter>
    </ClInclude>
    <ClInclude Include="program\dxlib_ext\effects\shader\particle\shader_particle_gs1.h">
      <Filter>program\[001] dxlib_ext\effects\shader\particle</Filter>
    </ClInclude>
    <ClInclude Include="program\dxlib_ext\effects\shader\particle\shader_particle_ps.h">
      <Filter>program\[001] dxlib_ext\effects\shader\particle</Filter>
    </ClInclude>
    <ClInclude Include="program\dxlib_ext\effects\shader\particle\shader_particle_vs.h">
      <Filter>program\[001] dxlib_ext\effects\shader\particle</Filter>
    </ClInclude>
    <ClInclude Include="program\dxlib_ext\example\dxlib_ext_example_3d_particle.h">
      <Filter>program\[001] dxlib_ext\example</Filter>
    </ClInclude>
    <ClInclude Include="program\dxlib_ext\mesh\dxlib_ext_inst_mesh.h">
      <Filter>program\[001] dxlib_ext\mesh</Filter>
    </ClInclude>
    <ClInclude Include="program\dxlib_ext\mesh\dxlib_ext_mesh_base.h">
      <Filter>program\[001] dxlib_ext\mesh</Filter>
    </ClInclude>
    <ClInclude Include="program\dxlib_ext\example\dxlib_ext_example_3d_instancing.h">
      <Filter>program\[001] dxlib_ext\example</Filter>
    </ClInclude>
    <ClInclude Include="program\dxlib_ext\effects\dxlib_ext_screen_effect.h">
      <Filter>program\[001] dxlib_ext\effects</Filter>
    </ClInclude>
    <ClInclude Include="program\dxlib_ext\gui\dxlib_ext_gui_check_box.h">
      <Filter>program\[001] dxlib_ext\gui</Filter>
    </ClInclude>
    <ClInclude Include="program\dxlib_ext\example\dxlib_ext_example_3d_screen_efffect.h">
      <Filter>program\[001] dxlib_ext\example</Filter>
    </ClInclude>
    <ClInclude Include="program\dxlib_ext\example\dxlib_ext_example_2d_instancing.h">
      <Filter>program\[001] dxlib_ext\example</Filter>
    </ClInclude>
    <ClInclude Include="program\dxlib_ext\example\dxlib_ext_example_2d_particle.h">
      <Filter>program\[001] dxlib_ext\example</Filter>
    </ClInclude>
    <ClInclude Include="program\dxlib_ext\effects\shader\instatncing\shader_instancing_ps.h">
      <Filter>program\[001] dxlib_ext\effects\shader\instancing</Filter>
    </ClInclude>
    <ClInclude Include="program\dxlib_ext\effects\shader\instatncing\shader_instancing_vs.h">
      <Filter>program\[001] dxlib_ext\effects\shader\instancing</Filter>
    </ClInclude>
    <ClInclude Include="program\dxlib_ext\example\dxlib_ext_example_3d_combined usage.h">
      <Filter>program\[001] dxlib_ext\example</Filter>
    </ClInclude>
    <ClInclude Include="program\game\Character\CharacterBase.h">
      <Filter>program\[003] game\Character</Filter>
    </ClInclude>
    <ClInclude Include="program\game\Character\Enemy.h">
      <Filter>program\[003] game\Character</Filter>
    </ClInclude>
    <ClInclude Include="program\game\Character\Player.h">
      <Filter>program\[003] game\Character</Filter>
    </ClInclude>
    <ClInclude Include="program\game\Manager\GameManager.h">
      <Filter>program\[003] game\Manager</Filter>
    </ClInclude>
    <ClInclude Include="program\game\Manager\ResourceManager.h">
      <Filter>program\[003] game\Manager</Filter>
    </ClInclude>
    <ClInclude Include="program\game\Object\Camera.h">
      <Filter>program\[003] game\Object</Filter>
    </ClInclude>
    <ClInclude Include="program\game\Object\ProtectObject.h">
      <Filter>program\[003] game\Object</Filter>
    </ClInclude>
    <ClInclude Include="program\game\Object\Attack\AttackBase.h">
      <Filter>program\[003] game\Object\Attack</Filter>
    </ClInclude>
    <ClInclude Include="program\game\Object\Attack\NormalAttack.h">
      <Filter>program\[003] game\Object\Attack</Filter>
    </ClInclude>
    <ClInclude Include="program\game\Scene\PlayScene.h">
      <Filter>program\[003] game\Scene</Filter>
    </ClInclude>
    <ClInclude Include="program\game\Scene\SceneBace.h">
      <Filter>program\[003] game\Scene</Filter>
    </ClInclude>
    <ClInclude Include="program\game\Object\Map\Play_Map.h">
      <Filter>program\[003] game\Object\Map</Filter>
    </ClInclude>
    <ClInclude Include="program\game\Character\EnemyBase.h">
      <Filter>program\[003] game\Character</Filter>
    </ClInclude>
    <ClInclude Include="program\game\Manager\Collision.h">
      <Filter>program\[003] game\Manager</Filter>
    </ClInclude>
    <ClInclude Include="program\game\Scene\TitleScene.h">
      <Filter>program\[003] game\Scene</Filter>
    </ClInclude>
    <ClInclude Include="program\game\Manager\Sspawner.h">
      <Filter>program\[003] game\Manager</Filter>
    </ClInclude>
    <ClInclude Include="program\game\Manager\AttackManager.h">
      <Filter>program\[003] game\Manager</Filter>
    </ClInclude>
    <ClInclude Include="program\game\Character\EnemyChase.h">
      <Filter>program\[003] game\Character</Filter>
    </ClInclude>
    <ClInclude Include="program\game\Object\Attack\BombAttack.h">
      <Filter>program\[003] game\Object\Attack</Filter>
    </ClInclude>
    <ClInclude Include="program\game\Character\EnemyBig.h">
      <Filter>program\[003] game\Character</Filter>
    </ClInclude>
    <ClInclude Include="program\game\Object\Item\ItemBase.h">
      <Filter>program\[003] game\Object\Item</Filter>
    </ClInclude>
    <ClInclude Include="program\game\Object\Item\ItemRed.h">
      <Filter>program\[003] game\Object\Item</Filter>
    </ClInclude>
    <ClInclude Include="program\game\Object\Item\ItemBlue.h">
      <Filter>program\[003] game\Object\Item</Filter>
    </ClInclude>
    <ClInclude Include="program\game\Object\Item\ItemGreen.h">
      <Filter>program\[003] game\Object\Item</Filter>
    </ClInclude>
    <ClInclude Include="program\game\Manager\ItemSpawner.h">
      <Filter>program\[003] game\Manager</Filter>
    </ClInclude>
    <ClInclude Include="program\game\Object\Item\ItemBomb.h">
      <Filter>program\[003] game\Object\Item</Filter>
    </ClInclude>
    <ClInclude Include="program\game\Manager\UIManager.h">
      <Filter>program\[003] game\Manager</Filter>
    </ClInclude>
  </ItemGroup>
</Project>